
Microsoft Visual Studio Solution File, Format Version 12.00
# Visual Studio Version 16
VisualStudioVersion = 16.0.31005.135
MinimumVisualStudioVersion = 10.0.40219.1
Project("{FAE04EC0-301F-11D3-BF4B-00C04F79EFBC}") = "WebAppTeam", "WebAppTeam\WebAppTeam.csproj", "{68C7CD43-F5E4-4084-9E2E-16198DB3A1BA}"
EndProject
Global
	GlobalSection(SolutionConfigurationPlatforms) = preSolution
		Debug|Any CPU = Debug|Any CPU
		Release|Any CPU = Release|Any CPU
	EndGlobalSection
	GlobalSection(ProjectConfigurationPlatforms) = postSolution
		{68C7CD43-F5E4-4084-9E2E-16198DB3A1BA}.Debug|Any CPU.ActiveCfg = Debug|Any CPU
		{68C7CD43-F5E4-4084-9E2E-16198DB3A1BA}.Debug|Any CPU.Build.0 = Debug|Any CPU
		{68C7CD43-F5E4-4084-9E2E-16198DB3A1BA}.Release|Any CPU.ActiveCfg = Release|Any CPU
		{68C7CD43-F5E4-4084-9E2E-16198DB3A1BA}.Release|Any CPU.Build.0 = Release|Any CPU
	EndGlobalSection
	GlobalSection(SolutionProperties) = preSolution
		HideSolutionNode = FALSE
	EndGlobalSection
	GlobalSection(ExtensibilityGlobals) = postSolution
		SolutionGuid = {518401C7-D3F6-4048-9526-23C23AF7B4AC}
	EndGlobalSection
EndGlobal
